{
  "name": "splash-auto-detail-site",
  "version": "2.1.0",
  "lockfileVersion": 3,
  "requires": true,
  "packages": {
    "": {
      "name": "splash-auto-detail-site",
      "version": "2.1.0",
      "license": "SEE LICENSE IN LICENSE",
      "engines": {
        "node": ">=18"
      }
    }
  }
}
